// !$*UTF8*$!
{
	archiveVersion = 1;
	classes = {
	};
	objectVersion = 48;
	objects = {

/* Begin PBXBuildFile section */
		58CB0C951839CB78176E1B94 /* Pods_WeatherGift.framework in Frameworks */ = {isa = PBXBuildFile; fileRef = E62107AD87160C641D06D905 /* Pods_WeatherGift.framework */; };
		FFD56FB62068991000A2D16F /* WeatherLocation.swift in Sources */ = {isa = PBXBuildFile; fileRef = FFD56FB52068991000A2D16F /* WeatherLocation.swift */; };
		FFD56FB82069881800A2D16F /* ConstantsSwift.swift in Sources */ = {isa = PBXBuildFile; fileRef = FFD56FB72069881800A2D16F /* ConstantsSwift.swift */; };
		FFDEA7B6205EDFF400AD6FAB /* AppDelegate.swift in Sources */ = {isa = PBXBuildFile; fileRef = FFDEA7B5205EDFF400AD6FAB /* AppDelegate.swift */; };
		FFDEA7BB205EDFF400AD6FAB /* Main.storyboard in Resources */ = {isa = PBXBuildFile; fileRef = FFDEA7B9205EDFF400AD6FAB /* Main.storyboard */; };
		FFDEA7BD205EDFF400AD6FAB /* Assets.xcassets in Resources */ = {isa = PBXBuildFile; fileRef = FFDEA7BC205EDFF400AD6FAB /* Assets.xcassets */; };
		FFDEA7C0205EDFF400AD6FAB /* LaunchScreen.storyboard in Resources */ = {isa = PBXBuildFile; fileRef = FFDEA7BE205EDFF400AD6FAB /* LaunchScreen.storyboard */; };
		FFDEA7C8205EE09D00AD6FAB /* DetailVC.swift in Sources */ = {isa = PBXBuildFile; fileRef = FFDEA7C7205EE09D00AD6FAB /* DetailVC.swift */; };
		FFDEA7CA205EE3A500AD6FAB /* ListVC.swift in Sources */ = {isa = PBXBuildFile; fileRef = FFDEA7C9205EE3A500AD6FAB /* ListVC.swift */; };
		FFDEA7CC205EE59500AD6FAB /* PageVC.swift in Sources */ = {isa = PBXBuildFile; fileRef = FFDEA7CB205EE59500AD6FAB /* PageVC.swift */; };
/* End PBXBuildFile section */

/* Begin PBXFileReference section */
		175CD8CC6CDF2D1F147AB79E /* Pods-WeatherGift.debug.xcconfig */ = {isa = PBXFileReference; includeInIndex = 1; lastKnownFileType = text.xcconfig; name = "Pods-WeatherGift.debug.xcconfig"; path = "Pods/Target Support Files/Pods-WeatherGift/Pods-WeatherGift.debug.xcconfig"; sourceTree = "<group>"; };
		D9A39B623D925FEE47905BC1 /* Pods-WeatherGift.release.xcconfig */ = {isa = PBXFileReference; includeInIndex = 1; lastKnownFileType = text.xcconfig; name = "Pods-WeatherGift.release.xcconfig"; path = "Pods/Target Support Files/Pods-WeatherGift/Pods-WeatherGift.release.xcconfig"; sourceTree = "<group>"; };
		E62107AD87160C641D06D905 /* Pods_WeatherGift.framework */ = {isa = PBXFileReference; explicitFileType = wrapper.framework; includeInIndex = 0; path = Pods_WeatherGift.framework; sourceTree = BUILT_PRODUCTS_DIR; };
		FFD56FB52068991000A2D16F /* WeatherLocation.swift */ = {isa = PBXFileReference; lastKnownFileType = sourcecode.swift; path = WeatherLocation.swift; sourceTree = "<group>"; };
		FFD56FB72069881800A2D16F /* ConstantsSwift.swift */ = {isa = PBXFileReference; lastKnownFileType = sourcecode.swift; path = ConstantsSwift.swift; sourceTree = "<group>"; };
		FFDEA7B2205EDFF400AD6FAB /* WeatherGift.app */ = {isa = PBXFileReference; explicitFileType = wrapper.application; includeInIndex = 0; path = WeatherGift.app; sourceTree = BUILT_PRODUCTS_DIR; };
		FFDEA7B5205EDFF400AD6FAB /* AppDelegate.swift */ = {isa = PBXFileReference; lastKnownFileType = sourcecode.swift; path = AppDelegate.swift; sourceTree = "<group>"; };
		FFDEA7BA205EDFF400AD6FAB /* Base */ = {isa = PBXFileReference; lastKnownFileType = file.storyboard; name = Base; path = Base.lproj/Main.storyboard; sourceTree = "<group>"; };
		FFDEA7BC205EDFF400AD6FAB /* Assets.xcassets */ = {isa = PBXFileReference; lastKnownFileType = folder.assetcatalog; path = Assets.xcassets; sourceTree = "<group>"; };
		FFDEA7BF205EDFF400AD6FAB /* Base */ = {isa = PBXFileReference; lastKnownFileType = file.storyboard; name = Base; path = Base.lproj/LaunchScreen.storyboard; sourceTree = "<group>"; };
		FFDEA7C1205EDFF400AD6FAB /* Info.plist */ = {isa = PBXFileReference; lastKnownFileType = text.plist.xml; path = Info.plist; sourceTree = "<group>"; };
		FFDEA7C7205EE09D00AD6FAB /* DetailVC.swift */ = {isa = PBXFileReference; lastKnownFileType = sourcecode.swift; path = DetailVC.swift; sourceTree = "<group>"; };
		FFDEA7C9205EE3A500AD6FAB /* ListVC.swift */ = {isa = PBXFileReference; lastKnownFileType = sourcecode.swift; path = ListVC.swift; sourceTree = "<group>"; };
		FFDEA7CB205EE59500AD6FAB /* PageVC.swift */ = {isa = PBXFileReference; lastKnownFileType = sourcecode.swift; path = PageVC.swift; sourceTree = "<group>"; };
/* End PBXFileReference section */

/* Begin PBXFrameworksBuildPhase section */
		FFDEA7AF205EDFF400AD6FAB /* Frameworks */ = {
			isa = PBXFrameworksBuildPhase;
			buildActionMask = 2147483647;
			files = (
				58CB0C951839CB78176E1B94 /* Pods_WeatherGift.framework in Frameworks */,
			);
			runOnlyForDeploymentPostprocessing = 0;
		};
/* End PBXFrameworksBuildPhase section */

/* Begin PBXGroup section */
		1C54BDA794EF945AC12DBB9F /* Frameworks */ = {
			isa = PBXGroup;
			children = (
				E62107AD87160C641D06D905 /* Pods_WeatherGift.framework */,
			);
			name = Frameworks;
			sourceTree = "<group>";
		};
		FFD608153D52892CC687F1BC /* Pods */ = {
			isa = PBXGroup;
			children = (
				175CD8CC6CDF2D1F147AB79E /* Pods-WeatherGift.debug.xcconfig */,
				D9A39B623D925FEE47905BC1 /* Pods-WeatherGift.release.xcconfig */,
			);
			name = Pods;
			sourceTree = "<group>";
		};
		FFDEA7A9205EDFF400AD6FAB = {
			isa = PBXGroup;
			children = (
				FFDEA7B4205EDFF400AD6FAB /* WeatherGift */,
				FFDEA7B3205EDFF400AD6FAB /* Products */,
				FFD608153D52892CC687F1BC /* Pods */,
				1C54BDA794EF945AC12DBB9F /* Frameworks */,
			);
			sourceTree = "<group>";
		};
		FFDEA7B3205EDFF400AD6FAB /* Products */ = {
			isa = PBXGroup;
			children = (
				FFDEA7B2205EDFF400AD6FAB /* WeatherGift.app */,
			);
			name = Products;
			sourceTree = "<group>";
		};
		FFDEA7B4205EDFF400AD6FAB /* WeatherGift */ = {
			isa = PBXGroup;
			children = (
				FFDEA7B5205EDFF400AD6FAB /* AppDelegate.swift */,
				FFD56FB52068991000A2D16F /* WeatherLocation.swift */,
				FFDEA7CB205EE59500AD6FAB /* PageVC.swift */,
				FFDEA7C7205EE09D00AD6FAB /* DetailVC.swift */,
				FFD56FB72069881800A2D16F /* ConstantsSwift.swift */,
				FFDEA7C9205EE3A500AD6FAB /* ListVC.swift */,
				FFDEA7B9205EDFF400AD6FAB /* Main.storyboard */,
				FFDEA7BC205EDFF400AD6FAB /* Assets.xcassets */,
				FFDEA7BE205EDFF400AD6FAB /* LaunchScreen.storyboard */,
				FFDEA7C1205EDFF400AD6FAB /* Info.plist */,
			);
			path = WeatherGift;
			sourceTree = "<group>";
		};
/* End PBXGroup section */

/* Begin PBXNativeTarget section */
		FFDEA7B1205EDFF400AD6FAB /* WeatherGift */ = {
			isa = PBXNativeTarget;
			buildConfigurationList = FFDEA7C4205EDFF400AD6FAB /* Build configuration list for PBXNativeTarget "WeatherGift" */;
			buildPhases = (
				AE33CDF77DBC22F34572ADFB /* [CP] Check Pods Manifest.lock */,
				FFDEA7AE205EDFF400AD6FAB /* Sources */,
				FFDEA7AF205EDFF400AD6FAB /* Frameworks */,
				FFDEA7B0205EDFF400AD6FAB /* Resources */,
				65CF978F43543B628DED5C9B /* [CP] Embed Pods Frameworks */,
				60857DE6EF8695E9E1C27A52 /* [CP] Copy Pods Resources */,
			);
			buildRules = (
			);
			dependencies = (
			);
			name = WeatherGift;
			productName = WeatherGift;
			productReference = FFDEA7B2205EDFF400AD6FAB /* WeatherGift.app */;
			productType = "com.apple.product-type.application";
		};
/* End PBXNativeTarget section */

/* Begin PBXProject section */
		FFDEA7AA205EDFF400AD6FAB /* Project object */ = {
			isa = PBXProject;
			attributes = {
				LastSwiftUpdateCheck = 0920;
				LastUpgradeCheck = 0920;
				ORGANIZATIONNAME = "Connor Greenleaf";
				TargetAttributes = {
					FFDEA7B1205EDFF400AD6FAB = {
						CreatedOnToolsVersion = 9.2;
						ProvisioningStyle = Automatic;
					};
				};
			};
			buildConfigurationList = FFDEA7AD205EDFF400AD6FAB /* Build configuration list for PBXProject "WeatherGift" */;
			compatibilityVersion = "Xcode 8.0";
			developmentRegion = en;
			hasScannedForEncodings = 0;
			knownRegions = (
				en,
				Base,
			);
			mainGroup = FFDEA7A9205EDFF400AD6FAB;
			productRefGroup = FFDEA7B3205EDFF400AD6FAB /* Products */;
			projectDirPath = "";
			projectRoot = "";
			targets = (
				FFDEA7B1205EDFF400AD6FAB /* WeatherGift */,
			);
		};
/* End PBXProject section */

/* Begin PBXResourcesBuildPhase section */
		FFDEA7B0205EDFF400AD6FAB /* Resources */ = {
			isa = PBXResourcesBuildPhase;
			buildActionMask = 2147483647;
			files = (
				FFDEA7C0205EDFF400AD6FAB /* LaunchScreen.storyboard in Resources */,
				FFDEA7BD205EDFF400AD6FAB /* Assets.xcassets in Resources */,
				FFDEA7BB205EDFF400AD6FAB /* Main.storyboard in Resources */,
			);
			runOnlyForDeploymentPostprocessing = 0;
		};
/* End PBXResourcesBuildPhase section */

/* Begin PBXShellScriptBuildPhase section */
		60857DE6EF8695E9E1C27A52 /* [CP] Copy Pods Resources */ = {
			isa = PBXShellScriptBuildPhase;
			buildActionMask = 2147483647;
			files = (
			);
			inputPaths = (
				"${SRCROOT}/Pods/Target Support Files/Pods-WeatherGift/Pods-WeatherGift-resources.sh",
				"${PODS_ROOT}/GooglePlaces/Frameworks/GooglePlaces.framework/Resources/GooglePlaces.bundle",
			);
			name = "[CP] Copy Pods Resources";
			outputPaths = (
				"${TARGET_BUILD_DIR}/${UNLOCALIZED_RESOURCES_FOLDER_PATH}/GooglePlaces.bundle",
			);
			runOnlyForDeploymentPostprocessing = 0;
			shellPath = /bin/sh;
			shellScript = "\"${SRCROOT}/Pods/Target Support Files/Pods-WeatherGift/Pods-WeatherGift-resources.sh\"\n";
			showEnvVarsInLog = 0;
		};
		65CF978F43543B628DED5C9B /* [CP] Embed Pods Frameworks */ = {
			isa = PBXShellScriptBuildPhase;
			buildActionMask = 2147483647;
			files = (
			);
			inputPaths = (
				"${SRCROOT}/Pods/Target Support Files/Pods-WeatherGift/Pods-WeatherGift-frameworks.sh",
				"${BUILT_PRODUCTS_DIR}/Alamofire/Alamofire.framework",
				"${BUILT_PRODUCTS_DIR}/SwiftyJSON/SwiftyJSON.framework",
			);
			name = "[CP] Embed Pods Frameworks";
			outputPaths = (
				"${TARGET_BUILD_DIR}/${FRAMEWORKS_FOLDER_PATH}/Alamofire.framework",
				"${TARGET_BUILD_DIR}/${FRAMEWORKS_FOLDER_PATH}/SwiftyJSON.framework",
			);
			runOnlyForDeploymentPostprocessing = 0;
			shellPath = /bin/sh;
			shellScript = "\"${SRCROOT}/Pods/Target Support Files/Pods-WeatherGift/Pods-WeatherGift-frameworks.sh\"\n";
			showEnvVarsInLog = 0;
		};
		AE33CDF77DBC22F34572ADFB /* [CP] Check Pods Manifest.lock */ = {
			isa = PBXShellScriptBuildPhase;
			buildActionMask = 2147483647;
			files = (
			);
			inputPaths = (
				"${PODS_PODFILE_DIR_PATH}/Podfile.lock",
				"${PODS_ROOT}/Manifest.lock",
			);
			name = "[CP] Check Pods Manifest.lock";
			outputPaths = (
				"$(DERIVED_FILE_DIR)/Pods-WeatherGift-checkManifestLockResult.txt",
			);
			runOnlyForDeploymentPostprocessing = 0;
			shellPath = /bin/sh;
			shellScript = "diff \"${PODS_PODFILE_DIR_PATH}/Podfile.lock\" \"${PODS_ROOT}/Manifest.lock\" > /dev/null\nif [ $? != 0 ] ; then\n    # print error to STDERR\n    echo \"error: The sandbox is not in sync with the Podfile.lock. Run 'pod install' or update your CocoaPods installation.\" >&2\n    exit 1\nfi\n# This output is used by Xcode 'outputs' to avoid re-running this script phase.\necho \"SUCCESS\" > \"${SCRIPT_OUTPUT_FILE_0}\"\n";
			showEnvVarsInLog = 0;
		};
/* End PBXShellScriptBuildPhase section */

/* Begin PBXSourcesBuildPhase section */
		FFDEA7AE205EDFF400AD6FAB /* Sources */ = {
			isa = PBXSourcesBuildPhase;
			buildActionMask = 2147483647;
			files = (
				FFD56FB62068991000A2D16F /* WeatherLocation.swift in Sources */,
				FFDEA7CA205EE3A500AD6FAB /* ListVC.swift in Sources */,
				FFDEA7CC205EE59500AD6FAB /* PageVC.swift in Sources */,
				FFD56FB82069881800A2D16F /* ConstantsSwift.swift in Sources */,
				FFDEA7B6205EDFF400AD6FAB /* AppDelegate.swift in Sources */,
				FFDEA7C8205EE09D00AD6FAB /* DetailVC.swift in Sources */,
			);
			runOnlyForDeploymentPostprocessing = 0;
		};
/* End PBXSourcesBuildPhase section */

/* Begin PBXVariantGroup section */
		FFDEA7B9205EDFF400AD6FAB /* Main.storyboard */ = {
			isa = PBXVariantGroup;
			children = (
				FFDEA7BA205EDFF400AD6FAB /* Base */,
			);
			name = Main.storyboard;
			sourceTree = "<group>";
		};
		FFDEA7BE205EDFF400AD6FAB /* LaunchScreen.storyboard */ = {
			isa = PBXVariantGroup;
			children = (
				FFDEA7BF205EDFF400AD6FAB /* Base */,
			);
			name = LaunchScreen.storyboard;
			sourceTree = "<group>";
		};
/* End PBXVariantGroup section */

/* Begin XCBuildConfiguration section */
		FFDEA7C2205EDFF400AD6FAB /* Debug */ = {
			isa = XCBuildConfiguration;
			buildSettings = {
				ALWAYS_SEARCH_USER_PATHS = NO;
				CLANG_ANALYZER_NONNULL = YES;
				CLANG_ANALYZER_NUMBER_OBJECT_CONVERSION = YES_AGGRESSIVE;
				CLANG_CXX_LANGUAGE_STANDARD = "gnu++14";
				CLANG_CXX_LIBRARY = "libc++";
				CLANG_ENABLE_MODULES = YES;
				CLANG_ENABLE_OBJC_ARC = YES;
				CLANG_WARN_BLOCK_CAPTURE_AUTORELEASING = YES;
				CLANG_WARN_BOOL_CONVERSION = YES;
				CLANG_WARN_COMMA = YES;
				CLANG_WARN_CONSTANT_CONVERSION = YES;
				CLANG_WARN_DIRECT_OBJC_ISA_USAGE = YES_ERROR;
				CLANG_WARN_DOCUMENTATION_COMMENTS = YES;
				CLANG_WARN_EMPTY_BODY = YES;
				CLANG_WARN_ENUM_CONVERSION = YES;
				CLANG_WARN_INFINITE_RECURSION = YES;
				CLANG_WARN_INT_CONVERSION = YES;
				CLANG_WARN_NON_LITERAL_NULL_CONVERSION = YES;
				CLANG_WARN_OBJC_LITERAL_CONVERSION = YES;
				CLANG_WARN_OBJC_ROOT_CLASS = YES_ERROR;
				CLANG_WARN_RANGE_LOOP_ANALYSIS = YES;
				CLANG_WARN_STRICT_PROTOTYPES = YES;
				CLANG_WARN_SUSPICIOUS_MOVE = YES;
				CLANG_WARN_UNGUARDED_AVAILABILITY = YES_AGGRESSIVE;
				CLANG_WARN_UNREACHABLE_CODE = YES;
				CLANG_WARN__DUPLICATE_METHOD_MATCH = YES;
				CODE_SIGN_IDENTITY = "iPhone Developer";
				COPY_PHASE_STRIP = NO;
				DEBUG_INFORMATION_FORMAT = dwarf;
				ENABLE_STRICT_OBJC_MSGSEND = YES;
				ENABLE_TESTABILITY = YES;
				GCC_C_LANGUAGE_STANDARD = gnu11;
				GCC_DYNAMIC_NO_PIC = NO;
				GCC_NO_COMMON_BLOCKS = YES;
				GCC_OPTIMIZATION_LEVEL = 0;
				GCC_PREPROCESSOR_DEFINITIONS = (
					"DEBUG=1",
					"$(inherited)",
				);
				GCC_WARN_64_TO_32_BIT_CONVERSION = YES;
				GCC_WARN_ABOUT_RETURN_TYPE = YES_ERROR;
				GCC_WARN_UNDECLARED_SELECTOR = YES;
				GCC_WARN_UNINITIALIZED_AUTOS = YES_AGGRESSIVE;
				GCC_WARN_UNUSED_FUNCTION = YES;
				GCC_WARN_UNUSED_VARIABLE = YES;
				IPHONEOS_DEPLOYMENT_TARGET = 11.2;
				MTL_ENABLE_DEBUG_INFO = YES;
				ONLY_ACTIVE_ARCH = YES;
				SDKROOT = iphoneos;
				SWIFT_ACTIVE_COMPILATION_CONDITIONS = DEBUG;
				SWIFT_OPTIMIZATION_LEVEL = "-Onone";
			};
			name = Debug;
		};
		FFDEA7C3205EDFF400AD6FAB /* Release */ = {
			isa = XCBuildConfiguration;
			buildSettings = {
				ALWAYS_SEARCH_USER_PATHS = NO;
				CLANG_ANALYZER_NONNULL = YES;
				CLANG_ANALYZER_NUMBER_OBJECT_CONVERSION = YES_AGGRESSIVE;
				CLANG_CXX_LANGUAGE_STANDARD = "gnu++14";
				CLANG_CXX_LIBRARY = "libc++";
				CLANG_ENABLE_MODULES = YES;
				CLANG_ENABLE_OBJC_ARC = YES;
				CLANG_WARN_BLOCK_CAPTURE_AUTORELEASING = YES;
				CLANG_WARN_BOOL_CONVERSION = YES;
				CLANG_WARN_COMMA = YES;
				CLANG_WARN_CONSTANT_CONVERSION = YES;
				CLANG_WARN_DIRECT_OBJC_ISA_USAGE = YES_ERROR;
				CLANG_WARN_DOCUMENTATION_COMMENTS = YES;
				CLANG_WARN_EMPTY_BODY = YES;
				CLANG_WARN_ENUM_CONVERSION = YES;
				CLANG_WARN_INFINITE_RECURSION = YES;
				CLANG_WARN_INT_CONVERSION = YES;
				CLANG_WARN_NON_LITERAL_NULL_CONVERSION = YES;
				CLANG_WARN_OBJC_LITERAL_CONVERSION = YES;
				CLANG_WARN_OBJC_ROOT_CLASS = YES_ERROR;
				CLANG_WARN_RANGE_LOOP_ANALYSIS = YES;
				CLANG_WARN_STRICT_PROTOTYPES = YES;
				CLANG_WARN_SUSPICIOUS_MOVE = YES;
				CLANG_WARN_UNGUARDED_AVAILABILITY = YES_AGGRESSIVE;
				CLANG_WARN_UNREACHABLE_CODE = YES;
				CLANG_WARN__DUPLICATE_METHOD_MATCH = YES;
				CODE_SIGN_IDENTITY = "iPhone Developer";
				COPY_PHASE_STRIP = NO;
				DEBUG_INFORMATION_FORMAT = "dwarf-with-dsym";
				ENABLE_NS_ASSERTIONS = NO;
				ENABLE_STRICT_OBJC_MSGSEND = YES;
				GCC_C_LANGUAGE_STANDARD = gnu11;
				GCC_NO_COMMON_BLOCKS = YES;
				GCC_WARN_64_TO_32_BIT_CONVERSION = YES;
				GCC_WARN_ABOUT_RETURN_TYPE = YES_ERROR;
				GCC_WARN_UNDECLARED_SELECTOR = YES;
				GCC_WARN_UNINITIALIZED_AUTOS = YES_AGGRESSIVE;
				GCC_WARN_UNUSED_FUNCTION = YES;
				GCC_WARN_UNUSED_VARIABLE = YES;
				IPHONEOS_DEPLOYMENT_TARGET = 11.2;
				MTL_ENABLE_DEBUG_INFO = NO;
				SDKROOT = iphoneos;
				SWIFT_OPTIMIZATION_LEVEL = "-Owholemodule";
				VALIDATE_PRODUCT = YES;
			};
			name = Release;
		};
		FFDEA7C5205EDFF400AD6FAB /* Debug */ = {
			isa = XCBuildConfiguration;
			baseConfigurationReference = 175CD8CC6CDF2D1F147AB79E /* Pods-WeatherGift.debug.xcconfig */;
			buildSettings = {
				ASSETCATALOG_COMPILER_APPICON_NAME = AppIcon;
				CODE_SIGN_STYLE = Automatic;
				DEVELOPMENT_TEAM = L7694ENK4B;
				INFOPLIST_FILE = WeatherGift/Info.plist;
				LD_RUNPATH_SEARCH_PATHS = "$(inherited) @executable_path/Frameworks";
				PRODUCT_BUNDLE_IDENTIFIER = CGreenleaf.WeatherGift;
				PRODUCT_NAME = "$(TARGET_NAME)";
				SWIFT_VERSION = 4.0;
				TARGETED_DEVICE_FAMILY = "1,2";
			};
			name = Debug;
		};
		FFDEA7C6205EDFF400AD6FAB /* Release */ = {
			isa = XCBuildConfiguration;
			baseConfigurationReference = D9A39B623D925FEE47905BC1 /* Pods-WeatherGift.release.xcconfig */;
			buildSettings = {
				ASSETCATALOG_COMPILER_APPICON_NAME = AppIcon;
				CODE_SIGN_STYLE = Automatic;
				DEVELOPMENT_TEAM = L7694ENK4B;
				INFOPLIST_FILE = WeatherGift/Info.plist;
				LD_RUNPATH_SEARCH_PATHS = "$(inherited) @executable_path/Frameworks";
				PRODUCT_BUNDLE_IDENTIFIER = CGreenleaf.WeatherGift;
				PRODUCT_NAME = "$(TARGET_NAME)";
				SWIFT_VERSION = 4.0;
				TARGETED_DEVICE_FAMILY = "1,2";
			};
			name = Release;
		};
/* End XCBuildConfiguration section */

/* Begin XCConfigurationList section */
		FFDEA7AD205EDFF400AD6FAB /* Build configuration list for PBXProject "WeatherGift" */ = {
			isa = XCConfigurationList;
			buildConfigurations = (
				FFDEA7C2205EDFF400AD6FAB /* Debug */,
				FFDEA7C3205EDFF400AD6FAB /* Release */,
			);
			defaultConfigurationIsVisible = 0;
			defaultConfigurationName = Release;
		};
		FFDEA7C4205EDFF400AD6FAB /* Build configuration list for PBXNativeTarget "WeatherGift" */ = {
			isa = XCConfigurationList;
			buildConfigurations = (
				FFDEA7C5205EDFF400AD6FAB /* Debug */,
				FFDEA7C6205EDFF400AD6FAB /* Release */,
			);
			defaultConfigurationIsVisible = 0;
			defaultConfigurationName = Release;
		};
/* End XCConfigurationList section */
	};
	rootObject = FFDEA7AA205EDFF400AD6FAB /* Project object */;
}
